// !$*UTF8*$!
{
	archiveVersion = 1;
	classes = {
	};
	objectVersion = 46;
	objects = {

/* Begin PBXBuildFile section */
		F542B13B1DBAFAD90069DA65 /* AppDelegate.swift in Sources */ = {isa = PBXBuildFile; fileRef = F542B13A1DBAFAD90069DA65 /* AppDelegate.swift */; };
		F542B13D1DBAFAD90069DA65 /* ViewController.swift in Sources */ = {isa = PBXBuildFile; fileRef = F542B13C1DBAFAD90069DA65 /* ViewController.swift */; };
		F542B1401DBAFAD90069DA65 /* Main.storyboard in Resources */ = {isa = PBXBuildFile; fileRef = F542B13E1DBAFAD90069DA65 /* Main.storyboard */; };
		F542B1431DBAFAD90069DA65 /* DreamLister.xcdatamodeld in Sources */ = {isa = PBXBuildFile; fileRef = F542B1411DBAFAD90069DA65 /* DreamLister.xcdatamodeld */; };
		F542B1451DBAFAD90069DA65 /* Assets.xcassets in Resources */ = {isa = PBXBuildFile; fileRef = F542B1441DBAFAD90069DA65 /* Assets.xcassets */; };
		F542B1481DBAFAD90069DA65 /* LaunchScreen.storyboard in Resources */ = {isa = PBXBuildFile; fileRef = F542B1461DBAFAD90069DA65 /* LaunchScreen.storyboard */; };
/* End PBXBuildFile section */

/* Begin PBXFileReference section */
		F542B1371DBAFAD90069DA65 /* DreamLister.app */ = {isa = PBXFileReference; explicitFileType = wrapper.application; includeInIndex = 0; path = DreamLister.app; sourceTree = BUILT_PRODUCTS_DIR; };
		F542B13A1DBAFAD90069DA65 /* AppDelegate.swift */ = {isa = PBXFileReference; lastKnownFileType = sourcecode.swift; path = AppDelegate.swift; sourceTree = "<group>"; };
		F542B13C1DBAFAD90069DA65 /* ViewController.swift */ = {isa = PBXFileReference; lastKnownFileType = sourcecode.swift; path = ViewController.swift; sourceTree = "<group>"; };
		F542B13F1DBAFAD90069DA65 /* Base */ = {isa = PBXFileReference; lastKnownFileType = file.storyboard; name = Base; path = Base.lproj/Main.storyboard; sourceTree = "<group>"; };
		F542B1421DBAFAD90069DA65 /* DreamLister.xcdatamodel */ = {isa = PBXFileReference; lastKnownFileType = wrapper.xcdatamodel; path = DreamLister.xcdatamodel; sourceTree = "<group>"; };
		F542B1441DBAFAD90069DA65 /* Assets.xcassets */ = {isa = PBXFileReference; lastKnownFileType = folder.assetcatalog; path = Assets.xcassets; sourceTree = "<group>"; };
		F542B1471DBAFAD90069DA65 /* Base */ = {isa = PBXFileReference; lastKnownFileType = file.storyboard; name = Base; path = Base.lproj/LaunchScreen.storyboard; sourceTree = "<group>"; };
		F542B1491DBAFAD90069DA65 /* Info.plist */ = {isa = PBXFileReference; lastKnownFileType = text.plist.xml; path = Info.plist; sourceTree = "<group>"; };
/* End PBXFileReference section */

/* Begin PBXFrameworksBuildPhase section */
		F542B1341DBAFAD90069DA65 /* Frameworks */ = {
			isa = PBXFrameworksBuildPhase;
			buildActionMask = 2147483647;
			files = (
			);
			runOnlyForDeploymentPostprocessing = 0;
		};
/* End PBXFrameworksBuildPhase section */

/* Begin PBXGroup section */
		F542B12E1DBAFAD90069DA65 = {
			isa = PBXGroup;
			children = (
				F542B1391DBAFAD90069DA65 /* DreamLister */,
				F542B1381DBAFAD90069DA65 /* Products */,
			);
			sourceTree = "<group>";
		};
		F542B1381DBAFAD90069DA65 /* Products */ = {
			isa = PBXGroup;
			children = (
				F542B1371DBAFAD90069DA65 /* DreamLister.app */,
			);
			name = Products;
			sourceTree = "<group>";
		};
		F542B1391DBAFAD90069DA65 /* DreamLister */ = {
			isa = PBXGroup;
			children = (
				F542B13A1DBAFAD90069DA65 /* AppDelegate.swift */,
				F542B13C1DBAFAD90069DA65 /* ViewController.swift */,
				F542B13E1DBAFAD90069DA65 /* Main.storyboard */,
				F542B1441DBAFAD90069DA65 /* Assets.xcassets */,
				F542B1461DBAFAD90069DA65 /* LaunchScreen.storyboard */,
				F542B1491DBAFAD90069DA65 /* Info.plist */,
				F542B1411DBAFAD90069DA65 /* DreamLister.xcdatamodeld */,
			);
			path = DreamLister;
			sourceTree = "<group>";
		};
/* End PBXGroup section */

/* Begin PBXNativeTarget section */
		F542B1361DBAFAD90069DA65 /* DreamLister */ = {
			isa = PBXNativeTarget;
			buildConfigurationList = F542B14C1DBAFAD90069DA65 /* Build configuration list for PBXNativeTarget "DreamLister" */;
			buildPhases = (
				F542B1331DBAFAD90069DA65 /* Sources */,
				F542B1341DBAFAD90069DA65 /* Frameworks */,
				F542B1351DBAFAD90069DA65 /* Resources */,
			);
			buildRules = (
			);
			dependencies = (
			);
			name = DreamLister;
			productName = DreamLister;
			productReference = F542B1371DBAFAD90069DA65 /* DreamLister.app */;
			productType = "com.apple.product-type.application";
		};
/* End PBXNativeTarget section */

/* Begin PBXProject section */
		F542B12F1DBAFAD90069DA65 /* Project object */ = {
			isa = PBXProject;
			attributes = {
				LastSwiftUpdateCheck = 0800;
				LastUpgradeCheck = 0800;
				ORGANIZATIONNAME = "Sandhya Ram";
				TargetAttributes = {
					F542B1361DBAFAD90069DA65 = {
						CreatedOnToolsVersion = 8.0;
						ProvisioningStyle = Automatic;
					};
				};
			};
			buildConfigurationList = F542B1321DBAFAD90069DA65 /* Build configuration list for PBXProject "DreamLister" */;
			compatibilityVersion = "Xcode 3.2";
			developmentRegion = English;
			hasScannedForEncodings = 0;
			knownRegions = (
				en,
				Base,
			);
			mainGroup = F542B12E1DBAFAD90069DA65;
			productRefGroup = F542B1381DBAFAD90069DA65 /* Products */;
			projectDirPath = "";
			projectRoot = "";
			targets = (
				F542B1361DBAFAD90069DA65 /* DreamLister */,
			);
		};
/* End PBXProject section */

/* Begin PBXResourcesBuildPhase section */
		F542B1351DBAFAD90069DA65 /* Resources */ = {
			isa = PBXResourcesBuildPhase;
			buildActionMask = 2147483647;
			files = (
				F542B1481DBAFAD90069DA65 /* LaunchScreen.storyboard in Resources */,
				F542B1451DBAFAD90069DA65 /* Assets.xcassets in Resources */,
				F542B1401DBAFAD90069DA65 /* Main.storyboard in Resources */,
			);
			runOnlyForDeploymentPostprocessing = 0;
		};
/* End PBXResourcesBuildPhase section */

/* Begin PBXSourcesBuildPhase section */
		F542B1331DBAFAD90069DA65 /* Sources */ = {
			isa = PBXSourcesBuildPhase;
			buildActionMask = 2147483647;
			files = (
				F542B13D1DBAFAD90069DA65 /* ViewController.swift in Sources */,
				F542B13B1DBAFAD90069DA65 /* AppDelegate.swift in Sources */,
				F542B1431DBAFAD90069DA65 /* DreamLister.xcdatamodeld in Sources */,
			);
			runOnlyForDeploymentPostprocessing = 0;
		};
/* End PBXSourcesBuildPhase section */

/* Begin PBXVariantGroup section */
		F542B13E1DBAFAD90069DA65 /* Main.storyboard */ = {
			isa = PBXVariantGroup;
			children = (
				F542B13F1DBAFAD90069DA65 /* Base */,
			);
			name = Main.storyboard;
			sourceTree = "<group>";
		};
		F542B1461DBAFAD90069DA65 /* LaunchScreen.storyboard */ = {
			isa = PBXVariantGroup;
			children = (
				F542B1471DBAFAD90069DA65 /* Base */,
			);
			name = LaunchScreen.storyboard;
			sourceTree = "<group>";
		};
/* End PBXVariantGroup section */

/* Begin XCBuildConfiguration section */
		F542B14A1DBAFAD90069DA65 /* Debug */ = {
			isa = XCBuildConfiguration;
			buildSettings = {
				ALWAYS_SEARCH_USER_PATHS = NO;
				CLANG_ANALYZER_NONNULL = YES;
				CLANG_CXX_LANGUAGE_STANDARD = "gnu++0x";
				CLANG_CXX_LIBRARY = "libc++";
				CLANG_ENABLE_MODULES = YES;
				CLANG_ENABLE_OBJC_ARC = YES;
				CLANG_WARN_BOOL_CONVERSION = YES;
				CLANG_WARN_CONSTANT_CONVERSION = YES;
				CLANG_WARN_DIRECT_OBJC_ISA_USAGE = YES_ERROR;
				CLANG_WARN_DOCUMENTATION_COMMENTS = YES;
				CLANG_WARN_EMPTY_BODY = YES;
				CLANG_WARN_ENUM_CONVERSION = YES;
				CLANG_WARN_INFINITE_RECURSION = YES;
				CLANG_WARN_INT_CONVERSION = YES;
				CLANG_WARN_OBJC_ROOT_CLASS = YES_ERROR;
				CLANG_WARN_SUSPICIOUS_MOVES = YES;
				CLANG_WARN_UNREACHABLE_CODE = YES;
				CLANG_WARN__DUPLICATE_METHOD_MATCH = YES;
				"CODE_SIGN_IDENTITY[sdk=iphoneos*]" = "iPhone Developer";
				COPY_PHASE_STRIP = NO;
				DEBUG_INFORMATION_FORMAT = dwarf;
				ENABLE_STRICT_OBJC_MSGSEND = YES;
				ENABLE_TESTABILITY = YES;
				GCC_C_LANGUAGE_STANDARD = gnu99;
				GCC_DYNAMIC_NO_PIC = NO;
				GCC_NO_COMMON_BLOCKS = YES;
				GCC_OPTIMIZATION_LEVEL = 0;
				GCC_PREPROCESSOR_DEFINITIONS = (
					"DEBUG=1",
					"$(inherited)",
				);
				GCC_WARN_64_TO_32_BIT_CONVERSION = YES;
				GCC_WARN_ABOUT_RETURN_TYPE = YES_ERROR;
				GCC_WARN_UNDECLARED_SELECTOR = YES;
				GCC_WARN_UNINITIALIZED_AUTOS = YES_AGGRESSIVE;
				GCC_WARN_UNUSED_FUNCTION = YES;
				GCC_WARN_UNUSED_VARIABLE = YES;
				IPHONEOS_DEPLOYMENT_TARGET = 10.0;
				MTL_ENABLE_DEBUG_INFO = YES;
				ONLY_ACTIVE_ARCH = YES;
				SDKROOT = iphoneos;
				SWIFT_ACTIVE_COMPILATION_CONDITIONS = DEBUG;
				SWIFT_OPTIMIZATION_LEVEL = "-Onone";
				TARGETED_DEVICE_FAMILY = "1,2";
			};
			name = Debug;
		};
		F542B14B1DBAFAD90069DA65 /* Release */ = {
			isa = XCBuildConfiguration;
			buildSettings = {
				ALWAYS_SEARCH_USER_PATHS = NO;
				CLANG_ANALYZER_NONNULL = YES;
				CLANG_CXX_LANGUAGE_STANDARD = "gnu++0x";
				CLANG_CXX_LIBRARY = "libc++";
				CLANG_ENABLE_MODULES = YES;
				CLANG_ENABLE_OBJC_ARC = YES;
				CLANG_WARN_BOOL_CONVERSION = YES;
				CLANG_WARN_CONSTANT_CONVERSION = YES;
				CLANG_WARN_DIRECT_OBJC_ISA_USAGE = YES_ERROR;
				CLANG_WARN_DOCUMENTATION_COMMENTS = YES;
				CLANG_WARN_EMPTY_BODY = YES;
				CLANG_WARN_ENUM_CONVERSION = YES;
				CLANG_WARN_INFINITE_RECURSION = YES;
				CLANG_WARN_INT_CONVERSION = YES;
				CLANG_WARN_OBJC_ROOT_CLASS = YES_ERROR;
				CLANG_WARN_SUSPICIOUS_MOVES = YES;
				CLANG_WARN_UNREACHABLE_CODE = YES;
				CLANG_WARN__DUPLICATE_METHOD_MATCH = YES;
				"CODE_SIGN_IDENTITY[sdk=iphoneos*]" = "iPhone Developer";
				COPY_PHASE_STRIP = NO;
				DEBUG_INFORMATION_FORMAT = "dwarf-with-dsym";
				ENABLE_NS_ASSERTIONS = NO;
				ENABLE_STRICT_OBJC_MSGSEND = YES;
				GCC_C_LANGUAGE_STANDARD = gnu99;
				GCC_NO_COMMON_BLOCKS = YES;
				GCC_WARN_64_TO_32_BIT_CONVERSION = YES;
				GCC_WARN_ABOUT_RETURN_TYPE = YES_ERROR;
				GCC_WARN_UNDECLARED_SELECTOR = YES;
				GCC_WARN_UNINITIALIZED_AUTOS = YES_AGGRESSIVE;
				GCC_WARN_UNUSED_FUNCTION = YES;
				GCC_WARN_UNUSED_VARIABLE = YES;
				IPHONEOS_DEPLOYMENT_TARGET = 10.0;
				MTL_ENABLE_DEBUG_INFO = NO;
				SDKROOT = iphoneos;
				SWIFT_OPTIMIZATION_LEVEL = "-Owholemodule";
				TARGETED_DEVICE_FAMILY = "1,2";
				VALIDATE_PRODUCT = YES;
			};
			name = Release;
		};
		F542B14D1DBAFAD90069DA65 /* Debug */ = {
			isa = XCBuildConfiguration;
			buildSettings = {
				ASSETCATALOG_COMPILER_APPICON_NAME = AppIcon;
				INFOPLIST_FILE = DreamLister/Info.plist;
				LD_RUNPATH_SEARCH_PATHS = "$(inherited) @executable_path/Frameworks";
				PRODUCT_BUNDLE_IDENTIFIER = com.mycomp.DreamLister;
				PRODUCT_NAME = "$(TARGET_NAME)";
				SWIFT_VERSION = 3.0;
			};
			name = Debug;
		};
		F542B14E1DBAFAD90069DA65 /* Release */ = {
			isa = XCBuildConfiguration;
			buildSettings = {
				ASSETCATALOG_COMPILER_APPICON_NAME = AppIcon;
				INFOPLIST_FILE = DreamLister/Info.plist;
				LD_RUNPATH_SEARCH_PATHS = "$(inherited) @executable_path/Frameworks";
				PRODUCT_BUNDLE_IDENTIFIER = com.mycomp.DreamLister;
				PRODUCT_NAME = "$(TARGET_NAME)";
				SWIFT_VERSION = 3.0;
			};
			name = Release;
		};
/* End XCBuildConfiguration section */

/* Begin XCConfigurationList section */
		F542B1321DBAFAD90069DA65 /* Build configuration list for PBXProject "DreamLister" */ = {
			isa = XCConfigurationList;
			buildConfigurations = (
				F542B14A1DBAFAD90069DA65 /* Debug */,
				F542B14B1DBAFAD90069DA65 /* Release */,
			);
			defaultConfigurationIsVisible = 0;
			defaultConfigurationName = Release;
		};
		F542B14C1DBAFAD90069DA65 /* Build configuration list for PBXNativeTarget "DreamLister" */ = {
			isa = XCConfigurationList;
			buildConfigurations = (
				F542B14D1DBAFAD90069DA65 /* Debug */,
				F542B14E1DBAFAD90069DA65 /* Release */,
			);
			defaultConfigurationIsVisible = 0;
		};
/* End XCConfigurationList section */

/* Begin XCVersionGroup section */
		F542B1411DBAFAD90069DA65 /* DreamLister.xcdatamodeld */ = {
			isa = XCVersionGroup;
			children = (
				F542B1421DBAFAD90069DA65 /* DreamLister.xcdatamodel */,
			);
			currentVersion = F542B1421DBAFAD90069DA65 /* DreamLister.xcdatamodel */;
			path = DreamLister.xcdatamodeld;
			sourceTree = "<group>";
			versionGroupType = wrapper.xcdatamodel;
		};
/* End XCVersionGroup section */
	};
	rootObject = F542B12F1DBAFAD90069DA65 /* Project object */;
}
